
Microsoft Visual Studio Solution File, Format Version 12.00
# Visual Studio Version 17
VisualStudioVersion = 17.0.31912.275
MinimumVisualStudioVersion = 10.0.40219.1
Project("{9A19103F-16F7-4668-BE54-9A1E7A4F7556}") = "PhieuGiaoBaiTap3", "PhieuGiaoBaiTap3.csproj", "{DCB48748-E065-4D38-815F-EAF8156E3158}"
EndProject
Global
	GlobalSection(SolutionConfigurationPlatforms) = preSolution
		Debug|Any CPU = Debug|Any CPU
		Release|Any CPU = Release|Any CPU
	EndGlobalSection
	GlobalSection(ProjectConfigurationPlatforms) = postSolution
		{DCB48748-E065-4D38-815F-EAF8156E3158}.Debug|Any CPU.ActiveCfg = Debug|Any CPU
		{DCB48748-E065-4D38-815F-EAF8156E3158}.Debug|Any CPU.Build.0 = Debug|Any CPU
		{DCB48748-E065-4D38-815F-EAF8156E3158}.Release|Any CPU.ActiveCfg = Release|Any CPU
		{DCB48748-E065-4D38-815F-EAF8156E3158}.Release|Any CPU.Build.0 = Release|Any CPU
	EndGlobalSection
	GlobalSection(SolutionProperties) = preSolution
		HideSolutionNode = FALSE
	EndGlobalSection
	GlobalSection(ExtensibilityGlobals) = postSolution
		SolutionGuid = {E69FCE20-0192-4713-93F1-FE8385058520}
	EndGlobalSection
EndGlobal
