
Microsoft Visual Studio Solution File, Format Version 12.00
# Visual Studio Version 16
VisualStudioVersion = 16.0.31702.278
MinimumVisualStudioVersion = 10.0.40219.1
Project("{9A19103F-16F7-4668-BE54-9A1E7A4F7556}") = "NguyenNhatMinh_2019600285_proj51", "NguyenNhatMinh_2019600285_proj51\NguyenNhatMinh_2019600285_proj51.csproj", "{B969D9E8-CC3D-4EB1-BD2C-FC79C7FD5808}"
EndProject
Global
	GlobalSection(SolutionConfigurationPlatforms) = preSolution
		Debug|Any CPU = Debug|Any CPU
		Release|Any CPU = Release|Any CPU
	EndGlobalSection
	GlobalSection(ProjectConfigurationPlatforms) = postSolution
		{B969D9E8-CC3D-4EB1-BD2C-FC79C7FD5808}.Debug|Any CPU.ActiveCfg = Debug|Any CPU
		{B969D9E8-CC3D-4EB1-BD2C-FC79C7FD5808}.Debug|Any CPU.Build.0 = Debug|Any CPU
		{B969D9E8-CC3D-4EB1-BD2C-FC79C7FD5808}.Release|Any CPU.ActiveCfg = Release|Any CPU
		{B969D9E8-CC3D-4EB1-BD2C-FC79C7FD5808}.Release|Any CPU.Build.0 = Release|Any CPU
	EndGlobalSection
	GlobalSection(SolutionProperties) = preSolution
		HideSolutionNode = FALSE
	EndGlobalSection
	GlobalSection(ExtensibilityGlobals) = postSolution
		SolutionGuid = {BC94A9DB-4B47-45F7-A9AD-5D1AEB64F608}
	EndGlobalSection
EndGlobal
