
Microsoft Visual Studio Solution File, Format Version 12.00
# Visual Studio Version 16
VisualStudioVersion = 16.0.31702.278
MinimumVisualStudioVersion = 10.0.40219.1
Project("{9A19103F-16F7-4668-BE54-9A1E7A4F7556}") = "NguyenNhatMinh_2019600285_proj62", "NguyenNhatMinh_2019600285_proj62\NguyenNhatMinh_2019600285_proj62.csproj", "{55FADC48-E09E-410A-A437-76C8FC14FC56}"
EndProject
Global
	GlobalSection(SolutionConfigurationPlatforms) = preSolution
		Debug|Any CPU = Debug|Any CPU
		Release|Any CPU = Release|Any CPU
	EndGlobalSection
	GlobalSection(ProjectConfigurationPlatforms) = postSolution
		{55FADC48-E09E-410A-A437-76C8FC14FC56}.Debug|Any CPU.ActiveCfg = Debug|Any CPU
		{55FADC48-E09E-410A-A437-76C8FC14FC56}.Debug|Any CPU.Build.0 = Debug|Any CPU
		{55FADC48-E09E-410A-A437-76C8FC14FC56}.Release|Any CPU.ActiveCfg = Release|Any CPU
		{55FADC48-E09E-410A-A437-76C8FC14FC56}.Release|Any CPU.Build.0 = Release|Any CPU
	EndGlobalSection
	GlobalSection(SolutionProperties) = preSolution
		HideSolutionNode = FALSE
	EndGlobalSection
	GlobalSection(ExtensibilityGlobals) = postSolution
		SolutionGuid = {9927740C-17A7-43E0-B97D-B8CC46FB0CF6}
	EndGlobalSection
EndGlobal
