
Microsoft Visual Studio Solution File, Format Version 12.00
# Visual Studio Version 16
VisualStudioVersion = 16.0.31729.503
MinimumVisualStudioVersion = 10.0.40219.1
Project("{9A19103F-16F7-4668-BE54-9A1E7A4F7556}") = "NguyenNhatMinh_2019600285_proj63", "NguyenNhatMinh_2019600285_proj63.csproj", "{E0704A6F-A40F-41B9-B743-E743A5D10B75}"
EndProject
Global
	GlobalSection(SolutionConfigurationPlatforms) = preSolution
		Debug|Any CPU = Debug|Any CPU
		Release|Any CPU = Release|Any CPU
	EndGlobalSection
	GlobalSection(ProjectConfigurationPlatforms) = postSolution
		{E0704A6F-A40F-41B9-B743-E743A5D10B75}.Debug|Any CPU.ActiveCfg = Debug|Any CPU
		{E0704A6F-A40F-41B9-B743-E743A5D10B75}.Debug|Any CPU.Build.0 = Debug|Any CPU
		{E0704A6F-A40F-41B9-B743-E743A5D10B75}.Release|Any CPU.ActiveCfg = Release|Any CPU
		{E0704A6F-A40F-41B9-B743-E743A5D10B75}.Release|Any CPU.Build.0 = Release|Any CPU
	EndGlobalSection
	GlobalSection(SolutionProperties) = preSolution
		HideSolutionNode = FALSE
	EndGlobalSection
	GlobalSection(ExtensibilityGlobals) = postSolution
		SolutionGuid = {FC8C3F53-9F18-4BEF-8A56-A69E6B0718DD}
	EndGlobalSection
EndGlobal
