
Microsoft Visual Studio Solution File, Format Version 12.00
# Visual Studio Version 16
VisualStudioVersion = 16.0.31702.278
MinimumVisualStudioVersion = 10.0.40219.1
Project("{9A19103F-16F7-4668-BE54-9A1E7A4F7556}") = "BTVN Tuan 1", "BTVN Tuan 1\BTVN Tuan 1.csproj", "{FAC557E5-CE2B-410A-B9A1-6E863E047031}"
EndProject
Project("{9A19103F-16F7-4668-BE54-9A1E7A4F7556}") = "CanBacHai", "CanBacHai\CanBacHai.csproj", "{A433B2E7-9DDD-47E4-98D0-DAAE1E58FC9A}"
EndProject
Project("{9A19103F-16F7-4668-BE54-9A1E7A4F7556}") = "CSharpCanBan", "CSharpCanBan\CSharpCanBan.csproj", "{E08713E3-B6CB-4CE1-818E-F91C50FA35B1}"
EndProject
Project("{9A19103F-16F7-4668-BE54-9A1E7A4F7556}") = "TamGiac", "TamGiac\TamGiac.csproj", "{DA195959-A1BB-4CBE-BFE1-9F599EF5AAA2}"
EndProject
Project("{9A19103F-16F7-4668-BE54-9A1E7A4F7556}") = "TongChuoi", "TongChuoi\TongChuoi.csproj", "{03A5044A-D169-40BC-9C0C-9960760684C4}"
EndProject
Project("{9A19103F-16F7-4668-BE54-9A1E7A4F7556}") = "XepLoaiHocSinh", "XepLoaiHocSinh\XepLoaiHocSinh.csproj", "{0E8A4CBD-92AC-4CA3-BC98-B126C78DA31C}"
EndProject
Global
	GlobalSection(SolutionConfigurationPlatforms) = preSolution
		Debug|Any CPU = Debug|Any CPU
		Release|Any CPU = Release|Any CPU
	EndGlobalSection
	GlobalSection(ProjectConfigurationPlatforms) = postSolution
		{FAC557E5-CE2B-410A-B9A1-6E863E047031}.Debug|Any CPU.ActiveCfg = Debug|Any CPU
		{FAC557E5-CE2B-410A-B9A1-6E863E047031}.Debug|Any CPU.Build.0 = Debug|Any CPU
		{FAC557E5-CE2B-410A-B9A1-6E863E047031}.Release|Any CPU.ActiveCfg = Release|Any CPU
		{FAC557E5-CE2B-410A-B9A1-6E863E047031}.Release|Any CPU.Build.0 = Release|Any CPU
		{A433B2E7-9DDD-47E4-98D0-DAAE1E58FC9A}.Debug|Any CPU.ActiveCfg = Debug|Any CPU
		{A433B2E7-9DDD-47E4-98D0-DAAE1E58FC9A}.Debug|Any CPU.Build.0 = Debug|Any CPU
		{A433B2E7-9DDD-47E4-98D0-DAAE1E58FC9A}.Release|Any CPU.ActiveCfg = Release|Any CPU
		{A433B2E7-9DDD-47E4-98D0-DAAE1E58FC9A}.Release|Any CPU.Build.0 = Release|Any CPU
		{E08713E3-B6CB-4CE1-818E-F91C50FA35B1}.Debug|Any CPU.ActiveCfg = Debug|Any CPU
		{E08713E3-B6CB-4CE1-818E-F91C50FA35B1}.Debug|Any CPU.Build.0 = Debug|Any CPU
		{E08713E3-B6CB-4CE1-818E-F91C50FA35B1}.Release|Any CPU.ActiveCfg = Release|Any CPU
		{E08713E3-B6CB-4CE1-818E-F91C50FA35B1}.Release|Any CPU.Build.0 = Release|Any CPU
		{DA195959-A1BB-4CBE-BFE1-9F599EF5AAA2}.Debug|Any CPU.ActiveCfg = Debug|Any CPU
		{DA195959-A1BB-4CBE-BFE1-9F599EF5AAA2}.Debug|Any CPU.Build.0 = Debug|Any CPU
		{DA195959-A1BB-4CBE-BFE1-9F599EF5AAA2}.Release|Any CPU.ActiveCfg = Release|Any CPU
		{DA195959-A1BB-4CBE-BFE1-9F599EF5AAA2}.Release|Any CPU.Build.0 = Release|Any CPU
		{03A5044A-D169-40BC-9C0C-9960760684C4}.Debug|Any CPU.ActiveCfg = Debug|Any CPU
		{03A5044A-D169-40BC-9C0C-9960760684C4}.Debug|Any CPU.Build.0 = Debug|Any CPU
		{03A5044A-D169-40BC-9C0C-9960760684C4}.Release|Any CPU.ActiveCfg = Release|Any CPU
		{03A5044A-D169-40BC-9C0C-9960760684C4}.Release|Any CPU.Build.0 = Release|Any CPU
		{0E8A4CBD-92AC-4CA3-BC98-B126C78DA31C}.Debug|Any CPU.ActiveCfg = Debug|Any CPU
		{0E8A4CBD-92AC-4CA3-BC98-B126C78DA31C}.Debug|Any CPU.Build.0 = Debug|Any CPU
		{0E8A4CBD-92AC-4CA3-BC98-B126C78DA31C}.Release|Any CPU.ActiveCfg = Release|Any CPU
		{0E8A4CBD-92AC-4CA3-BC98-B126C78DA31C}.Release|Any CPU.Build.0 = Release|Any CPU
	EndGlobalSection
	GlobalSection(SolutionProperties) = preSolution
		HideSolutionNode = FALSE
	EndGlobalSection
	GlobalSection(ExtensibilityGlobals) = postSolution
		SolutionGuid = {DBEA9798-C74E-4D83-A86F-49725B191245}
	EndGlobalSection
EndGlobal
