
Microsoft Visual Studio Solution File, Format Version 12.00
# Visual Studio Version 17
VisualStudioVersion = 17.0.31912.275
MinimumVisualStudioVersion = 10.0.40219.1
Project("{FAE04EC0-301F-11D3-BF4B-00C04F79EFBC}") = "NguyenNhatMinh_2019600285", "NguyenNhatMinh_2019600285.csproj", "{A21B9306-78E8-4CBF-8973-A02C9CA5FB78}"
EndProject
Global
	GlobalSection(SolutionConfigurationPlatforms) = preSolution
		Debug|Any CPU = Debug|Any CPU
		Release|Any CPU = Release|Any CPU
	EndGlobalSection
	GlobalSection(ProjectConfigurationPlatforms) = postSolution
		{A21B9306-78E8-4CBF-8973-A02C9CA5FB78}.Debug|Any CPU.ActiveCfg = Debug|Any CPU
		{A21B9306-78E8-4CBF-8973-A02C9CA5FB78}.Debug|Any CPU.Build.0 = Debug|Any CPU
		{A21B9306-78E8-4CBF-8973-A02C9CA5FB78}.Release|Any CPU.ActiveCfg = Release|Any CPU
		{A21B9306-78E8-4CBF-8973-A02C9CA5FB78}.Release|Any CPU.Build.0 = Release|Any CPU
	EndGlobalSection
	GlobalSection(SolutionProperties) = preSolution
		HideSolutionNode = FALSE
	EndGlobalSection
	GlobalSection(ExtensibilityGlobals) = postSolution
		SolutionGuid = {0180E599-D3F7-4E9E-A3E6-E83FA9BF255A}
	EndGlobalSection
EndGlobal
