
Microsoft Visual Studio Solution File, Format Version 12.00
# Visual Studio Version 17
VisualStudioVersion = 17.0.32014.148
MinimumVisualStudioVersion = 10.0.40219.1
Project("{FAE04EC0-301F-11D3-BF4B-00C04F79EFBC}") = "NguyenNhatMinh_285", "NguyenNhatMinh_285.csproj", "{C2A21520-8C9D-46A7-B831-C87D685495F5}"
EndProject
Global
	GlobalSection(SolutionConfigurationPlatforms) = preSolution
		Debug|Any CPU = Debug|Any CPU
		Release|Any CPU = Release|Any CPU
	EndGlobalSection
	GlobalSection(ProjectConfigurationPlatforms) = postSolution
		{C2A21520-8C9D-46A7-B831-C87D685495F5}.Debug|Any CPU.ActiveCfg = Debug|Any CPU
		{C2A21520-8C9D-46A7-B831-C87D685495F5}.Debug|Any CPU.Build.0 = Debug|Any CPU
		{C2A21520-8C9D-46A7-B831-C87D685495F5}.Release|Any CPU.ActiveCfg = Release|Any CPU
		{C2A21520-8C9D-46A7-B831-C87D685495F5}.Release|Any CPU.Build.0 = Release|Any CPU
	EndGlobalSection
	GlobalSection(SolutionProperties) = preSolution
		HideSolutionNode = FALSE
	EndGlobalSection
	GlobalSection(ExtensibilityGlobals) = postSolution
		SolutionGuid = {9CFF0D6A-D721-4E24-B351-AF228482F291}
	EndGlobalSection
EndGlobal
