
Microsoft Visual Studio Solution File, Format Version 12.00
# Visual Studio Version 17
VisualStudioVersion = 17.0.32002.185
MinimumVisualStudioVersion = 10.0.40219.1
Project("{FAE04EC0-301F-11D3-BF4B-00C04F79EFBC}") = "Style_Template_EFCore_OnThi", "Style_Template_EFCore_OnThi.csproj", "{14A49FB4-0B7B-47A6-9EE3-54FABB511957}"
EndProject
Global
	GlobalSection(SolutionConfigurationPlatforms) = preSolution
		Debug|Any CPU = Debug|Any CPU
		Release|Any CPU = Release|Any CPU
	EndGlobalSection
	GlobalSection(ProjectConfigurationPlatforms) = postSolution
		{14A49FB4-0B7B-47A6-9EE3-54FABB511957}.Debug|Any CPU.ActiveCfg = Debug|Any CPU
		{14A49FB4-0B7B-47A6-9EE3-54FABB511957}.Debug|Any CPU.Build.0 = Debug|Any CPU
		{14A49FB4-0B7B-47A6-9EE3-54FABB511957}.Release|Any CPU.ActiveCfg = Release|Any CPU
		{14A49FB4-0B7B-47A6-9EE3-54FABB511957}.Release|Any CPU.Build.0 = Release|Any CPU
	EndGlobalSection
	GlobalSection(SolutionProperties) = preSolution
		HideSolutionNode = FALSE
	EndGlobalSection
	GlobalSection(ExtensibilityGlobals) = postSolution
		SolutionGuid = {2E99649D-8277-45A2-8E79-5E18A2135A23}
	EndGlobalSection
EndGlobal
