
Microsoft Visual Studio Solution File, Format Version 12.00
# Visual Studio Version 16
VisualStudioVersion = 16.0.31702.278
MinimumVisualStudioVersion = 10.0.40219.1
Project("{9A19103F-16F7-4668-BE54-9A1E7A4F7556}") = "NguyenNhatMinh_2019600285_proj61", "NguyenNhatMinh_2019600285_proj61\NguyenNhatMinh_2019600285_proj61.csproj", "{0206624D-CC30-45EB-9DCC-9B05550CCB22}"
EndProject
Global
	GlobalSection(SolutionConfigurationPlatforms) = preSolution
		Debug|Any CPU = Debug|Any CPU
		Release|Any CPU = Release|Any CPU
	EndGlobalSection
	GlobalSection(ProjectConfigurationPlatforms) = postSolution
		{0206624D-CC30-45EB-9DCC-9B05550CCB22}.Debug|Any CPU.ActiveCfg = Debug|Any CPU
		{0206624D-CC30-45EB-9DCC-9B05550CCB22}.Debug|Any CPU.Build.0 = Debug|Any CPU
		{0206624D-CC30-45EB-9DCC-9B05550CCB22}.Release|Any CPU.ActiveCfg = Release|Any CPU
		{0206624D-CC30-45EB-9DCC-9B05550CCB22}.Release|Any CPU.Build.0 = Release|Any CPU
	EndGlobalSection
	GlobalSection(SolutionProperties) = preSolution
		HideSolutionNode = FALSE
	EndGlobalSection
	GlobalSection(ExtensibilityGlobals) = postSolution
		SolutionGuid = {EE83E3BB-17B9-4F62-8A2C-4E5E5E3B1A6A}
	EndGlobalSection
EndGlobal
